
Microsoft Visual Studio Solution File, Format Version 12.00
# Visual Studio Version 16
VisualStudioVersion = 16.0.33423.256
MinimumVisualStudioVersion = 10.0.40219.1
Project("{FAE04EC0-301F-11D3-BF4B-00C04F79EFBC}") = "IT114_MP_LOGIC", "IT114_MP_LOGIC\IT114_MP_LOGIC.csproj", "{7FD14601-46AC-453E-9258-22D94391D154}"
EndProject
Global
	GlobalSection(SolutionConfigurationPlatforms) = preSolution
		Debug|Any CPU = Debug|Any CPU
		Release|Any CPU = Release|Any CPU
	EndGlobalSection
	GlobalSection(ProjectConfigurationPlatforms) = postSolution
		{7FD14601-46AC-453E-9258-22D94391D154}.Debug|Any CPU.ActiveCfg = Debug|Any CPU
		{7FD14601-46AC-453E-9258-22D94391D154}.Debug|Any CPU.Build.0 = Debug|Any CPU
		{7FD14601-46AC-453E-9258-22D94391D154}.Release|Any CPU.ActiveCfg = Release|Any CPU
		{7FD14601-46AC-453E-9258-22D94391D154}.Release|Any CPU.Build.0 = Release|Any CPU
	EndGlobalSection
	GlobalSection(SolutionProperties) = preSolution
		HideSolutionNode = FALSE
	EndGlobalSection
	GlobalSection(ExtensibilityGlobals) = postSolution
		SolutionGuid = {451182FB-612F-4D49-A9BD-EA06B85BAAEB}
	EndGlobalSection
EndGlobal
